// !$*UTF8*$!
{
	archiveVersion = 1;
	classes = {
	};
	objectVersion = 56;
	objects = {

/* Begin PBXBuildFile section */
		F20729E02BFCEF2C007A301B /* MainPage.storyboard in Resources */ = {isa = PBXBuildFile; fileRef = F27E0F892BECEBFD005EC753 /* MainPage.storyboard */; };
		F20729E22BFDC4EF007A301B /* dummyCodes.swift in Sources */ = {isa = PBXBuildFile; fileRef = F20729E12BFDC4EF007A301B /* dummyCodes.swift */; };
		F274332E2BF5F449009FC3F8 /* InputPage.storyboard in Resources */ = {isa = PBXBuildFile; fileRef = F274332D2BF5F449009FC3F8 /* InputPage.storyboard */; };
		F27433302BF5F465009FC3F8 /* InputPageController.swift in Sources */ = {isa = PBXBuildFile; fileRef = F274332F2BF5F465009FC3F8 /* InputPageController.swift */; };
		F27433322BF5F4E1009FC3F8 /* InputModalController.swift in Sources */ = {isa = PBXBuildFile; fileRef = F27433312BF5F4E1009FC3F8 /* InputModalController.swift */; };
		F27433342BF5F4EF009FC3F8 /* InputModal.storyboard in Resources */ = {isa = PBXBuildFile; fileRef = F27433332BF5F4EF009FC3F8 /* InputModal.storyboard */; };
		F27433362BF5F7EB009FC3F8 /* CreateDiaryPage.storyboard in Resources */ = {isa = PBXBuildFile; fileRef = F27433352BF5F7EB009FC3F8 /* CreateDiaryPage.storyboard */; };
		F27433382BF5F7FE009FC3F8 /* CreateDiaryPageController.swift in Sources */ = {isa = PBXBuildFile; fileRef = F27433372BF5F7FE009FC3F8 /* CreateDiaryPageController.swift */; };
		F274333C2BF5F8A8009FC3F8 /* StatsPage.storyboard in Resources */ = {isa = PBXBuildFile; fileRef = F274333B2BF5F8A8009FC3F8 /* StatsPage.storyboard */; };
		F274333E2BF5F8C0009FC3F8 /* StatsPageController.swift in Sources */ = {isa = PBXBuildFile; fileRef = F274333D2BF5F8C0009FC3F8 /* StatsPageController.swift */; };
		F27433402BF5F902009FC3F8 /* OptionPage.storyboard in Resources */ = {isa = PBXBuildFile; fileRef = F274333F2BF5F902009FC3F8 /* OptionPage.storyboard */; };
		F27433422BF5F912009FC3F8 /* OptionPageController.swift in Sources */ = {isa = PBXBuildFile; fileRef = F27433412BF5F912009FC3F8 /* OptionPageController.swift */; };
		F27E0F842BECEBFD005EC753 /* AppDelegate.swift in Sources */ = {isa = PBXBuildFile; fileRef = F27E0F832BECEBFD005EC753 /* AppDelegate.swift */; };
		F27E0F862BECEBFD005EC753 /* SceneDelegate.swift in Sources */ = {isa = PBXBuildFile; fileRef = F27E0F852BECEBFD005EC753 /* SceneDelegate.swift */; };
		F27E0F882BECEBFD005EC753 /* MainPageController.swift in Sources */ = {isa = PBXBuildFile; fileRef = F27E0F872BECEBFD005EC753 /* MainPageController.swift */; };
		F27E0F8B2BECEBFD005EC753 /* Base in Resources */ = {isa = PBXBuildFile; fileRef = F27E0F8A2BECEBFD005EC753 /* Base */; };
		F27E0F8E2BECEBFD005EC753 /* hye_eum.xcdatamodeld in Sources */ = {isa = PBXBuildFile; fileRef = F27E0F8C2BECEBFD005EC753 /* hye_eum.xcdatamodeld */; };
		F27E0F932BECEC01005EC753 /* Base in Resources */ = {isa = PBXBuildFile; fileRef = F27E0F922BECEC01005EC753 /* Base */; };
		F27E0F9D2BF1F7C6005EC753 /* Assets.xcassets in Resources */ = {isa = PBXBuildFile; fileRef = F27E0F8F2BECEC01005EC753 /* Assets.xcassets */; };
		F27E0F9F2BF20368005EC753 /* WelcomePageController.swift in Sources */ = {isa = PBXBuildFile; fileRef = F27E0F9E2BF20368005EC753 /* WelcomePageController.swift */; };
		F27E0FA12BF20444005EC753 /* WelcomePage.storyboard in Resources */ = {isa = PBXBuildFile; fileRef = F27E0FA02BF20444005EC753 /* WelcomePage.storyboard */; };
		F27E0FA32BF22F13005EC753 /* SplashPageController.swift in Sources */ = {isa = PBXBuildFile; fileRef = F27E0FA22BF22F13005EC753 /* SplashPageController.swift */; };
		F27E0FA52BF23362005EC753 /* SplashPage.storyboard in Resources */ = {isa = PBXBuildFile; fileRef = F27E0FA42BF23362005EC753 /* SplashPage.storyboard */; };
		F27E0FA92BF23C5F005EC753 /* KCC-Sonkeechung.ttf in Resources */ = {isa = PBXBuildFile; fileRef = F27E0FA72BF23C5F005EC753 /* KCC-Sonkeechung.ttf */; };
		F27E0FAA2BF23C5F005EC753 /* KCC-Sonkeechung.otf in Resources */ = {isa = PBXBuildFile; fileRef = F27E0FA82BF23C5F005EC753 /* KCC-Sonkeechung.otf */; };
/* End PBXBuildFile section */

/* Begin PBXFileReference section */
		F20729E12BFDC4EF007A301B /* dummyCodes.swift */ = {isa = PBXFileReference; lastKnownFileType = sourcecode.swift; path = dummyCodes.swift; sourceTree = "<group>"; };
		F274332D2BF5F449009FC3F8 /* InputPage.storyboard */ = {isa = PBXFileReference; lastKnownFileType = file.storyboard; path = InputPage.storyboard; sourceTree = "<group>"; };
		F274332F2BF5F465009FC3F8 /* InputPageController.swift */ = {isa = PBXFileReference; lastKnownFileType = sourcecode.swift; path = InputPageController.swift; sourceTree = "<group>"; };
		F27433312BF5F4E1009FC3F8 /* InputModalController.swift */ = {isa = PBXFileReference; lastKnownFileType = sourcecode.swift; path = InputModalController.swift; sourceTree = "<group>"; };
		F27433332BF5F4EF009FC3F8 /* InputModal.storyboard */ = {isa = PBXFileReference; lastKnownFileType = file.storyboard; path = InputModal.storyboard; sourceTree = "<group>"; };
		F27433352BF5F7EB009FC3F8 /* CreateDiaryPage.storyboard */ = {isa = PBXFileReference; lastKnownFileType = file.storyboard; path = CreateDiaryPage.storyboard; sourceTree = "<group>"; };
		F27433372BF5F7FE009FC3F8 /* CreateDiaryPageController.swift */ = {isa = PBXFileReference; lastKnownFileType = sourcecode.swift; path = CreateDiaryPageController.swift; sourceTree = "<group>"; };
		F274333B2BF5F8A8009FC3F8 /* StatsPage.storyboard */ = {isa = PBXFileReference; lastKnownFileType = file.storyboard; path = StatsPage.storyboard; sourceTree = "<group>"; };
		F274333D2BF5F8C0009FC3F8 /* StatsPageController.swift */ = {isa = PBXFileReference; lastKnownFileType = sourcecode.swift; path = StatsPageController.swift; sourceTree = "<group>"; };
		F274333F2BF5F902009FC3F8 /* OptionPage.storyboard */ = {isa = PBXFileReference; lastKnownFileType = file.storyboard; path = OptionPage.storyboard; sourceTree = "<group>"; };
		F27433412BF5F912009FC3F8 /* OptionPageController.swift */ = {isa = PBXFileReference; lastKnownFileType = sourcecode.swift; path = OptionPageController.swift; sourceTree = "<group>"; };
		F27E0F802BECEBFD005EC753 /* hye_eum.app */ = {isa = PBXFileReference; explicitFileType = wrapper.application; includeInIndex = 0; path = hye_eum.app; sourceTree = BUILT_PRODUCTS_DIR; };
		F27E0F832BECEBFD005EC753 /* AppDelegate.swift */ = {isa = PBXFileReference; lastKnownFileType = sourcecode.swift; path = AppDelegate.swift; sourceTree = "<group>"; };
		F27E0F852BECEBFD005EC753 /* SceneDelegate.swift */ = {isa = PBXFileReference; lastKnownFileType = sourcecode.swift; path = SceneDelegate.swift; sourceTree = "<group>"; };
		F27E0F872BECEBFD005EC753 /* MainPageController.swift */ = {isa = PBXFileReference; lastKnownFileType = sourcecode.swift; path = MainPageController.swift; sourceTree = "<group>"; };
		F27E0F8A2BECEBFD005EC753 /* Base */ = {isa = PBXFileReference; lastKnownFileType = file.storyboard; name = Base; path = Base.lproj/MainPage.storyboard; sourceTree = "<group>"; };
		F27E0F8D2BECEBFD005EC753 /* hye_eum.xcdatamodel */ = {isa = PBXFileReference; lastKnownFileType = wrapper.xcdatamodel; path = hye_eum.xcdatamodel; sourceTree = "<group>"; };
		F27E0F8F2BECEC01005EC753 /* Assets.xcassets */ = {isa = PBXFileReference; lastKnownFileType = folder.assetcatalog; name = Assets.xcassets; path = hye_eum/Resource/Assets.xcassets; sourceTree = SOURCE_ROOT; };
		F27E0F922BECEC01005EC753 /* Base */ = {isa = PBXFileReference; lastKnownFileType = file.storyboard; name = Base; path = Base.lproj/LaunchScreen.storyboard; sourceTree = "<group>"; };
		F27E0F942BECEC01005EC753 /* Info.plist */ = {isa = PBXFileReference; lastKnownFileType = text.plist.xml; name = Info.plist; path = "hye_eum/Supporting Files/Info.plist"; sourceTree = SOURCE_ROOT; };
		F27E0F9E2BF20368005EC753 /* WelcomePageController.swift */ = {isa = PBXFileReference; lastKnownFileType = sourcecode.swift; path = WelcomePageController.swift; sourceTree = "<group>"; };
		F27E0FA02BF20444005EC753 /* WelcomePage.storyboard */ = {isa = PBXFileReference; lastKnownFileType = file.storyboard; path = WelcomePage.storyboard; sourceTree = "<group>"; };
		F27E0FA22BF22F13005EC753 /* SplashPageController.swift */ = {isa = PBXFileReference; lastKnownFileType = sourcecode.swift; path = SplashPageController.swift; sourceTree = "<group>"; };
		F27E0FA42BF23362005EC753 /* SplashPage.storyboard */ = {isa = PBXFileReference; lastKnownFileType = file.storyboard; path = SplashPage.storyboard; sourceTree = "<group>"; };
		F27E0FA72BF23C5F005EC753 /* KCC-Sonkeechung.ttf */ = {isa = PBXFileReference; lastKnownFileType = file; path = "KCC-Sonkeechung.ttf"; sourceTree = "<group>"; };
		F27E0FA82BF23C5F005EC753 /* KCC-Sonkeechung.otf */ = {isa = PBXFileReference; lastKnownFileType = file; path = "KCC-Sonkeechung.otf"; sourceTree = "<group>"; };
/* End PBXFileReference section */

/* Begin PBXFrameworksBuildPhase section */
		F27E0F7D2BECEBFD005EC753 /* Frameworks */ = {
			isa = PBXFrameworksBuildPhase;
			buildActionMask = 2147483647;
			files = (
			);
			runOnlyForDeploymentPostprocessing = 0;
		};
/* End PBXFrameworksBuildPhase section */

/* Begin PBXGroup section */
		F27E0F772BECEBFD005EC753 = {
			isa = PBXGroup;
			children = (
				F27E0F822BECEBFD005EC753 /* hye_eum */,
				F27E0F812BECEBFD005EC753 /* Products */,
			);
			sourceTree = "<group>";
		};
		F27E0F812BECEBFD005EC753 /* Products */ = {
			isa = PBXGroup;
			children = (
				F27E0F802BECEBFD005EC753 /* hye_eum.app */,
			);
			name = Products;
			sourceTree = "<group>";
		};
		F27E0F822BECEBFD005EC753 /* hye_eum */ = {
			isa = PBXGroup;
			children = (
				F27E0FAB2BF240D1005EC753 /* dummy */,
				F27E0F9C2BF1F102005EC753 /* Resource */,
				F27E0F9B2BF1F0EF005EC753 /* Supporting Files */,
				F27E0F9A2BF1F0DF005EC753 /* UI */,
			);
			path = hye_eum;
			sourceTree = "<group>";
		};
		F27E0F9A2BF1F0DF005EC753 /* UI */ = {
			isa = PBXGroup;
			children = (
				F27E0FA42BF23362005EC753 /* SplashPage.storyboard */,
				F27E0FA02BF20444005EC753 /* WelcomePage.storyboard */,
				F274332D2BF5F449009FC3F8 /* InputPage.storyboard */,
				F27E0F892BECEBFD005EC753 /* MainPage.storyboard */,
				F27433352BF5F7EB009FC3F8 /* CreateDiaryPage.storyboard */,
				F274333B2BF5F8A8009FC3F8 /* StatsPage.storyboard */,
				F274333F2BF5F902009FC3F8 /* OptionPage.storyboard */,
				F27E0FA22BF22F13005EC753 /* SplashPageController.swift */,
				F27E0F9E2BF20368005EC753 /* WelcomePageController.swift */,
				F274332F2BF5F465009FC3F8 /* InputPageController.swift */,
				F27E0F872BECEBFD005EC753 /* MainPageController.swift */,
				F27433372BF5F7FE009FC3F8 /* CreateDiaryPageController.swift */,
				F274333D2BF5F8C0009FC3F8 /* StatsPageController.swift */,
				F27433412BF5F912009FC3F8 /* OptionPageController.swift */,
			);
			path = UI;
			sourceTree = "<group>";
		};
		F27E0F9B2BF1F0EF005EC753 /* Supporting Files */ = {
			isa = PBXGroup;
			children = (
				F27E0F942BECEC01005EC753 /* Info.plist */,
				F27E0F8C2BECEBFD005EC753 /* hye_eum.xcdatamodeld */,
				F27E0F832BECEBFD005EC753 /* AppDelegate.swift */,
				F27E0F852BECEBFD005EC753 /* SceneDelegate.swift */,
			);
			path = "Supporting Files";
			sourceTree = "<group>";
		};
		F27E0F9C2BF1F102005EC753 /* Resource */ = {
			isa = PBXGroup;
			children = (
				F27E0FA62BF23BBB005EC753 /* Fonts */,
				F27E0F8F2BECEC01005EC753 /* Assets.xcassets */,
			);
			path = Resource;
			sourceTree = "<group>";
		};
		F27E0FA62BF23BBB005EC753 /* Fonts */ = {
			isa = PBXGroup;
			children = (
				F27E0FA82BF23C5F005EC753 /* KCC-Sonkeechung.otf */,
				F27E0FA72BF23C5F005EC753 /* KCC-Sonkeechung.ttf */,
			);
			path = Fonts;
			sourceTree = "<group>";
		};
		F27E0FAB2BF240D1005EC753 /* dummy */ = {
			isa = PBXGroup;
			children = (
				F27E0F912BECEC01005EC753 /* LaunchScreen.storyboard */,
				F27433332BF5F4EF009FC3F8 /* InputModal.storyboard */,
				F27433312BF5F4E1009FC3F8 /* InputModalController.swift */,
				F20729E12BFDC4EF007A301B /* dummyCodes.swift */,
			);
			path = dummy;
			sourceTree = "<group>";
		};
/* End PBXGroup section */

/* Begin PBXNativeTarget section */
		F27E0F7F2BECEBFD005EC753 /* hye_eum */ = {
			isa = PBXNativeTarget;
			buildConfigurationList = F27E0F972BECEC01005EC753 /* Build configuration list for PBXNativeTarget "hye_eum" */;
			buildPhases = (
				F27E0F7C2BECEBFD005EC753 /* Sources */,
				F27E0F7D2BECEBFD005EC753 /* Frameworks */,
				F27E0F7E2BECEBFD005EC753 /* Resources */,
			);
			buildRules = (
			);
			dependencies = (
			);
			name = hye_eum;
			productName = "hye:eum";
			productReference = F27E0F802BECEBFD005EC753 /* hye_eum.app */;
			productType = "com.apple.product-type.application";
		};
/* End PBXNativeTarget section */

/* Begin PBXProject section */
		F27E0F782BECEBFD005EC753 /* Project object */ = {
			isa = PBXProject;
			attributes = {
				BuildIndependentTargetsInParallel = 1;
				LastSwiftUpdateCheck = 1530;
				LastUpgradeCheck = 1530;
				TargetAttributes = {
					F27E0F7F2BECEBFD005EC753 = {
						CreatedOnToolsVersion = 15.3;
					};
				};
			};
			buildConfigurationList = F27E0F7B2BECEBFD005EC753 /* Build configuration list for PBXProject "hye_eum" */;
			compatibilityVersion = "Xcode 14.0";
			developmentRegion = en;
			hasScannedForEncodings = 0;
			knownRegions = (
				en,
				Base,
			);
			mainGroup = F27E0F772BECEBFD005EC753;
			productRefGroup = F27E0F812BECEBFD005EC753 /* Products */;
			projectDirPath = "";
			projectRoot = "";
			targets = (
				F27E0F7F2BECEBFD005EC753 /* hye_eum */,
			);
		};
/* End PBXProject section */

/* Begin PBXResourcesBuildPhase section */
		F27E0F7E2BECEBFD005EC753 /* Resources */ = {
			isa = PBXResourcesBuildPhase;
			buildActionMask = 2147483647;
			files = (
				F27E0FAA2BF23C5F005EC753 /* KCC-Sonkeechung.otf in Resources */,
				F27433342BF5F4EF009FC3F8 /* InputModal.storyboard in Resources */,
				F27433402BF5F902009FC3F8 /* OptionPage.storyboard in Resources */,
				F27E0F9D2BF1F7C6005EC753 /* Assets.xcassets in Resources */,
				F27E0F932BECEC01005EC753 /* Base in Resources */,
				F274332E2BF5F449009FC3F8 /* InputPage.storyboard in Resources */,
				F27E0FA12BF20444005EC753 /* WelcomePage.storyboard in Resources */,
				F20729E02BFCEF2C007A301B /* MainPage.storyboard in Resources */,
				F274333C2BF5F8A8009FC3F8 /* StatsPage.storyboard in Resources */,
				F27E0FA52BF23362005EC753 /* SplashPage.storyboard in Resources */,
				F27E0F8B2BECEBFD005EC753 /* Base in Resources */,
				F27E0FA92BF23C5F005EC753 /* KCC-Sonkeechung.ttf in Resources */,
				F27433362BF5F7EB009FC3F8 /* CreateDiaryPage.storyboard in Resources */,
			);
			runOnlyForDeploymentPostprocessing = 0;
		};
/* End PBXResourcesBuildPhase section */

/* Begin PBXSourcesBuildPhase section */
		F27E0F7C2BECEBFD005EC753 /* Sources */ = {
			isa = PBXSourcesBuildPhase;
			buildActionMask = 2147483647;
			files = (
				F27433382BF5F7FE009FC3F8 /* CreateDiaryPageController.swift in Sources */,
				F27E0FA32BF22F13005EC753 /* SplashPageController.swift in Sources */,
				F27433322BF5F4E1009FC3F8 /* InputModalController.swift in Sources */,
				F27E0F9F2BF20368005EC753 /* WelcomePageController.swift in Sources */,
				F27433422BF5F912009FC3F8 /* OptionPageController.swift in Sources */,
				F274333E2BF5F8C0009FC3F8 /* StatsPageController.swift in Sources */,
				F27E0F8E2BECEBFD005EC753 /* hye_eum.xcdatamodeld in Sources */,
				F27E0F882BECEBFD005EC753 /* MainPageController.swift in Sources */,
				F27E0F842BECEBFD005EC753 /* AppDelegate.swift in Sources */,
				F20729E22BFDC4EF007A301B /* dummyCodes.swift in Sources */,
				F27E0F862BECEBFD005EC753 /* SceneDelegate.swift in Sources */,
				F27433302BF5F465009FC3F8 /* InputPageController.swift in Sources */,
			);
			runOnlyForDeploymentPostprocessing = 0;
		};
/* End PBXSourcesBuildPhase section */

/* Begin PBXVariantGroup section */
		F27E0F892BECEBFD005EC753 /* MainPage.storyboard */ = {
			isa = PBXVariantGroup;
			children = (
				F27E0F8A2BECEBFD005EC753 /* Base */,
			);
			name = MainPage.storyboard;
			sourceTree = "<group>";
		};
		F27E0F912BECEC01005EC753 /* LaunchScreen.storyboard */ = {
			isa = PBXVariantGroup;
			children = (
				F27E0F922BECEC01005EC753 /* Base */,
			);
			name = LaunchScreen.storyboard;
			sourceTree = "<group>";
		};
/* End PBXVariantGroup section */

/* Begin XCBuildConfiguration section */
		F27E0F952BECEC01005EC753 /* Debug */ = {
			isa = XCBuildConfiguration;
			buildSettings = {
				ALWAYS_SEARCH_USER_PATHS = NO;
				ASSETCATALOG_COMPILER_GENERATE_SWIFT_ASSET_SYMBOL_EXTENSIONS = YES;
				CLANG_ANALYZER_NONNULL = YES;
				CLANG_ANALYZER_NUMBER_OBJECT_CONVERSION = YES_AGGRESSIVE;
				CLANG_CXX_LANGUAGE_STANDARD = "gnu++20";
				CLANG_ENABLE_MODULES = YES;
				CLANG_ENABLE_OBJC_ARC = YES;
				CLANG_ENABLE_OBJC_WEAK = YES;
				CLANG_WARN_BLOCK_CAPTURE_AUTORELEASING = YES;
				CLANG_WARN_BOOL_CONVERSION = YES;
				CLANG_WARN_COMMA = YES;
				CLANG_WARN_CONSTANT_CONVERSION = YES;
				CLANG_WARN_DEPRECATED_OBJC_IMPLEMENTATIONS = YES;
				CLANG_WARN_DIRECT_OBJC_ISA_USAGE = YES_ERROR;
				CLANG_WARN_DOCUMENTATION_COMMENTS = YES;
				CLANG_WARN_EMPTY_BODY = YES;
				CLANG_WARN_ENUM_CONVERSION = YES;
				CLANG_WARN_INFINITE_RECURSION = YES;
				CLANG_WARN_INT_CONVERSION = YES;
				CLANG_WARN_NON_LITERAL_NULL_CONVERSION = YES;
				CLANG_WARN_OBJC_IMPLICIT_RETAIN_SELF = YES;
				CLANG_WARN_OBJC_LITERAL_CONVERSION = YES;
				CLANG_WARN_OBJC_ROOT_CLASS = YES_ERROR;
				CLANG_WARN_QUOTED_INCLUDE_IN_FRAMEWORK_HEADER = YES;
				CLANG_WARN_RANGE_LOOP_ANALYSIS = YES;
				CLANG_WARN_STRICT_PROTOTYPES = YES;
				CLANG_WARN_SUSPICIOUS_MOVE = YES;
				CLANG_WARN_UNGUARDED_AVAILABILITY = YES_AGGRESSIVE;
				CLANG_WARN_UNREACHABLE_CODE = YES;
				CLANG_WARN__DUPLICATE_METHOD_MATCH = YES;
				COPY_PHASE_STRIP = NO;
				DEBUG_INFORMATION_FORMAT = dwarf;
				ENABLE_STRICT_OBJC_MSGSEND = YES;
				ENABLE_TESTABILITY = YES;
				ENABLE_USER_SCRIPT_SANDBOXING = YES;
				GCC_C_LANGUAGE_STANDARD = gnu17;
				GCC_DYNAMIC_NO_PIC = NO;
				GCC_NO_COMMON_BLOCKS = YES;
				GCC_OPTIMIZATION_LEVEL = 0;
				GCC_PREPROCESSOR_DEFINITIONS = (
					"DEBUG=1",
					"$(inherited)",
				);
				GCC_WARN_64_TO_32_BIT_CONVERSION = YES;
				GCC_WARN_ABOUT_RETURN_TYPE = YES_ERROR;
				GCC_WARN_UNDECLARED_SELECTOR = YES;
				GCC_WARN_UNINITIALIZED_AUTOS = YES_AGGRESSIVE;
				GCC_WARN_UNUSED_FUNCTION = YES;
				GCC_WARN_UNUSED_VARIABLE = YES;
				IPHONEOS_DEPLOYMENT_TARGET = 17.4;
				LOCALIZATION_PREFERS_STRING_CATALOGS = YES;
				MTL_ENABLE_DEBUG_INFO = INCLUDE_SOURCE;
				MTL_FAST_MATH = YES;
				ONLY_ACTIVE_ARCH = YES;
				SDKROOT = iphoneos;
				SWIFT_ACTIVE_COMPILATION_CONDITIONS = "DEBUG $(inherited)";
				SWIFT_OPTIMIZATION_LEVEL = "-Onone";
			};
			name = Debug;
		};
		F27E0F962BECEC01005EC753 /* Release */ = {
			isa = XCBuildConfiguration;
			buildSettings = {
				ALWAYS_SEARCH_USER_PATHS = NO;
				ASSETCATALOG_COMPILER_GENERATE_SWIFT_ASSET_SYMBOL_EXTENSIONS = YES;
				CLANG_ANALYZER_NONNULL = YES;
				CLANG_ANALYZER_NUMBER_OBJECT_CONVERSION = YES_AGGRESSIVE;
				CLANG_CXX_LANGUAGE_STANDARD = "gnu++20";
				CLANG_ENABLE_MODULES = YES;
				CLANG_ENABLE_OBJC_ARC = YES;
				CLANG_ENABLE_OBJC_WEAK = YES;
				CLANG_WARN_BLOCK_CAPTURE_AUTORELEASING = YES;
				CLANG_WARN_BOOL_CONVERSION = YES;
				CLANG_WARN_COMMA = YES;
				CLANG_WARN_CONSTANT_CONVERSION = YES;
				CLANG_WARN_DEPRECATED_OBJC_IMPLEMENTATIONS = YES;
				CLANG_WARN_DIRECT_OBJC_ISA_USAGE = YES_ERROR;
				CLANG_WARN_DOCUMENTATION_COMMENTS = YES;
				CLANG_WARN_EMPTY_BODY = YES;
				CLANG_WARN_ENUM_CONVERSION = YES;
				CLANG_WARN_INFINITE_RECURSION = YES;
				CLANG_WARN_INT_CONVERSION = YES;
				CLANG_WARN_NON_LITERAL_NULL_CONVERSION = YES;
				CLANG_WARN_OBJC_IMPLICIT_RETAIN_SELF = YES;
				CLANG_WARN_OBJC_LITERAL_CONVERSION = YES;
				CLANG_WARN_OBJC_ROOT_CLASS = YES_ERROR;
				CLANG_WARN_QUOTED_INCLUDE_IN_FRAMEWORK_HEADER = YES;
				CLANG_WARN_RANGE_LOOP_ANALYSIS = YES;
				CLANG_WARN_STRICT_PROTOTYPES = YES;
				CLANG_WARN_SUSPICIOUS_MOVE = YES;
				CLANG_WARN_UNGUARDED_AVAILABILITY = YES_AGGRESSIVE;
				CLANG_WARN_UNREACHABLE_CODE = YES;
				CLANG_WARN__DUPLICATE_METHOD_MATCH = YES;
				COPY_PHASE_STRIP = NO;
				DEBUG_INFORMATION_FORMAT = "dwarf-with-dsym";
				ENABLE_NS_ASSERTIONS = NO;
				ENABLE_STRICT_OBJC_MSGSEND = YES;
				ENABLE_USER_SCRIPT_SANDBOXING = YES;
				GCC_C_LANGUAGE_STANDARD = gnu17;
				GCC_NO_COMMON_BLOCKS = YES;
				GCC_WARN_64_TO_32_BIT_CONVERSION = YES;
				GCC_WARN_ABOUT_RETURN_TYPE = YES_ERROR;
				GCC_WARN_UNDECLARED_SELECTOR = YES;
				GCC_WARN_UNINITIALIZED_AUTOS = YES_AGGRESSIVE;
				GCC_WARN_UNUSED_FUNCTION = YES;
				GCC_WARN_UNUSED_VARIABLE = YES;
				IPHONEOS_DEPLOYMENT_TARGET = 17.4;
				LOCALIZATION_PREFERS_STRING_CATALOGS = YES;
				MTL_ENABLE_DEBUG_INFO = NO;
				MTL_FAST_MATH = YES;
				SDKROOT = iphoneos;
				SWIFT_COMPILATION_MODE = wholemodule;
				VALIDATE_PRODUCT = YES;
			};
			name = Release;
		};
		F27E0F982BECEC01005EC753 /* Debug */ = {
			isa = XCBuildConfiguration;
			buildSettings = {
				ASSETCATALOG_COMPILER_APPICON_NAME = AppIcon;
				ASSETCATALOG_COMPILER_GLOBAL_ACCENT_COLOR_NAME = AccentColor;
				CODE_SIGN_STYLE = Automatic;
				CURRENT_PROJECT_VERSION = 1;
				GENERATE_INFOPLIST_FILE = YES;
				INFOPLIST_FILE = "hye_eum/Supporting Files/Info.plist";
				INFOPLIST_KEY_UIApplicationSupportsIndirectInputEvents = YES;
				INFOPLIST_KEY_UILaunchStoryboardName = SplashPage.storyboard;
				INFOPLIST_KEY_UIStatusBarStyle = "";
				INFOPLIST_KEY_UISupportedInterfaceOrientations_iPad = "UIInterfaceOrientationPortrait UIInterfaceOrientationPortraitUpsideDown UIInterfaceOrientationLandscapeLeft UIInterfaceOrientationLandscapeRight";
				INFOPLIST_KEY_UISupportedInterfaceOrientations_iPhone = "UIInterfaceOrientationPortrait UIInterfaceOrientationLandscapeLeft UIInterfaceOrientationLandscapeRight";
				IPHONEOS_DEPLOYMENT_TARGET = 15.0;
				LD_RUNPATH_SEARCH_PATHS = (
					"$(inherited)",
					"@executable_path/Frameworks",
				);
				MARKETING_VERSION = 1.0;
				PRODUCT_BUNDLE_IDENTIFIER = "com.gil.hye-eum";
				PRODUCT_NAME = "$(TARGET_NAME)";
				SUPPORTED_PLATFORMS = "iphoneos iphonesimulator";
				SUPPORTS_MACCATALYST = NO;
				SUPPORTS_XR_DESIGNED_FOR_IPHONE_IPAD = NO;
				SWIFT_EMIT_LOC_STRINGS = YES;
				SWIFT_VERSION = 5.0;
				TARGETED_DEVICE_FAMILY = "1,2";
			};
			name = Debug;
		};
		F27E0F992BECEC01005EC753 /* Release */ = {
			isa = XCBuildConfiguration;
			buildSettings = {
				ASSETCATALOG_COMPILER_APPICON_NAME = AppIcon;
				ASSETCATALOG_COMPILER_GLOBAL_ACCENT_COLOR_NAME = AccentColor;
				CODE_SIGN_STYLE = Automatic;
				CURRENT_PROJECT_VERSION = 1;
				GENERATE_INFOPLIST_FILE = YES;
				INFOPLIST_FILE = "hye_eum/Supporting Files/Info.plist";
				INFOPLIST_KEY_UIApplicationSupportsIndirectInputEvents = YES;
				INFOPLIST_KEY_UILaunchStoryboardName = SplashPage.storyboard;
				INFOPLIST_KEY_UIStatusBarStyle = "";
				INFOPLIST_KEY_UISupportedInterfaceOrientations_iPad = "UIInterfaceOrientationPortrait UIInterfaceOrientationPortraitUpsideDown UIInterfaceOrientationLandscapeLeft UIInterfaceOrientationLandscapeRight";
				INFOPLIST_KEY_UISupportedInterfaceOrientations_iPhone = "UIInterfaceOrientationPortrait UIInterfaceOrientationLandscapeLeft UIInterfaceOrientationLandscapeRight";
				IPHONEOS_DEPLOYMENT_TARGET = 15.0;
				LD_RUNPATH_SEARCH_PATHS = (
					"$(inherited)",
					"@executable_path/Frameworks",
				);
				MARKETING_VERSION = 1.0;
				PRODUCT_BUNDLE_IDENTIFIER = "com.gil.hye-eum";
				PRODUCT_NAME = "$(TARGET_NAME)";
				SUPPORTED_PLATFORMS = "iphoneos iphonesimulator";
				SUPPORTS_MACCATALYST = NO;
				SUPPORTS_XR_DESIGNED_FOR_IPHONE_IPAD = NO;
				SWIFT_EMIT_LOC_STRINGS = YES;
				SWIFT_VERSION = 5.0;
				TARGETED_DEVICE_FAMILY = "1,2";
			};
			name = Release;
		};
/* End XCBuildConfiguration section */

/* Begin XCConfigurationList section */
		F27E0F7B2BECEBFD005EC753 /* Build configuration list for PBXProject "hye_eum" */ = {
			isa = XCConfigurationList;
			buildConfigurations = (
				F27E0F952BECEC01005EC753 /* Debug */,
				F27E0F962BECEC01005EC753 /* Release */,
			);
			defaultConfigurationIsVisible = 0;
			defaultConfigurationName = Release;
		};
		F27E0F972BECEC01005EC753 /* Build configuration list for PBXNativeTarget "hye_eum" */ = {
			isa = XCConfigurationList;
			buildConfigurations = (
				F27E0F982BECEC01005EC753 /* Debug */,
				F27E0F992BECEC01005EC753 /* Release */,
			);
			defaultConfigurationIsVisible = 0;
			defaultConfigurationName = Release;
		};
/* End XCConfigurationList section */

/* Begin XCVersionGroup section */
		F27E0F8C2BECEBFD005EC753 /* hye_eum.xcdatamodeld */ = {
			isa = XCVersionGroup;
			children = (
				F27E0F8D2BECEBFD005EC753 /* hye_eum.xcdatamodel */,
			);
			currentVersion = F27E0F8D2BECEBFD005EC753 /* hye_eum.xcdatamodel */;
			path = hye_eum.xcdatamodeld;
			sourceTree = "<group>";
			versionGroupType = wrapper.xcdatamodel;
		};
/* End XCVersionGroup section */
	};
	rootObject = F27E0F782BECEBFD005EC753 /* Project object */;
}
